
Microsoft Visual Studio Solution File, Format Version 12.00
# Visual Studio Version 16
VisualStudioVersion = 16.0.31005.135
MinimumVisualStudioVersion = 10.0.40219.1
Project("{FAE04EC0-301F-11D3-BF4B-00C04F79EFBC}") = "AudioEqualizer", "AudioEqualizer\AudioEqualizer.csproj", "{1A94E4CB-1AC1-4609-8991-2EBC77AD9880}"
EndProject
Global
	GlobalSection(SolutionConfigurationPlatforms) = preSolution
		Debug|Any CPU = Debug|Any CPU
		Release|Any CPU = Release|Any CPU
	EndGlobalSection
	GlobalSection(ProjectConfigurationPlatforms) = postSolution
		{1A94E4CB-1AC1-4609-8991-2EBC77AD9880}.Debug|Any CPU.ActiveCfg = Debug|Any CPU
		{1A94E4CB-1AC1-4609-8991-2EBC77AD9880}.Debug|Any CPU.Build.0 = Debug|Any CPU
		{1A94E4CB-1AC1-4609-8991-2EBC77AD9880}.Release|Any CPU.ActiveCfg = Release|Any CPU
		{1A94E4CB-1AC1-4609-8991-2EBC77AD9880}.Release|Any CPU.Build.0 = Release|Any CPU
	EndGlobalSection
	GlobalSection(SolutionProperties) = preSolution
		HideSolutionNode = FALSE
	EndGlobalSection
	GlobalSection(ExtensibilityGlobals) = postSolution
		SolutionGuid = {C3EB15EC-FACD-4B28-B92F-7D082DFE4B25}
	EndGlobalSection
EndGlobal
